
Microsoft Visual Studio Solution File, Format Version 12.00
# Visual Studio Version 16
VisualStudioVersion = 16.0.31005.135
MinimumVisualStudioVersion = 10.0.40219.1
Project("{FAE04EC0-301F-11D3-BF4B-00C04F79EFBC}") = "MultiDBProject", "MultiDBProject\MultiDBProject.csproj", "{55F749A7-E8C2-4B17-BC33-C8EA3032E439}"
EndProject
Global
	GlobalSection(SolutionConfigurationPlatforms) = preSolution
		Debug|Any CPU = Debug|Any CPU
		Release|Any CPU = Release|Any CPU
	EndGlobalSection
	GlobalSection(ProjectConfigurationPlatforms) = postSolution
		{55F749A7-E8C2-4B17-BC33-C8EA3032E439}.Debug|Any CPU.ActiveCfg = Debug|Any CPU
		{55F749A7-E8C2-4B17-BC33-C8EA3032E439}.Debug|Any CPU.Build.0 = Debug|Any CPU
		{55F749A7-E8C2-4B17-BC33-C8EA3032E439}.Release|Any CPU.ActiveCfg = Release|Any CPU
		{55F749A7-E8C2-4B17-BC33-C8EA3032E439}.Release|Any CPU.Build.0 = Release|Any CPU
	EndGlobalSection
	GlobalSection(SolutionProperties) = preSolution
		HideSolutionNode = FALSE
	EndGlobalSection
	GlobalSection(ExtensibilityGlobals) = postSolution
		SolutionGuid = {2A9D53DE-7733-4F80-8A6F-F6BA853B47A0}
	EndGlobalSection
EndGlobal
